
Microsoft Visual Studio Solution File, Format Version 12.00
# Visual Studio Version 18
VisualStudioVersion = 18.3.11512.155 d18.3
MinimumVisualStudioVersion = 10.0.40219.1
Project("{FAE04EC0-301F-11D3-BF4B-00C04F79EFBC}") = "AIEduPlatform.StreamTestConsole", "AIEduPlatform.StreamTestConsole.csproj", "{96D9C1C5-6A07-DB3A-2E25-016A5D826210}"
EndProject
Global
	GlobalSection(SolutionConfigurationPlatforms) = preSolution
		Debug|Any CPU = Debug|Any CPU
		Release|Any CPU = Release|Any CPU
	EndGlobalSection
	GlobalSection(ProjectConfigurationPlatforms) = postSolution
		{96D9C1C5-6A07-DB3A-2E25-016A5D826210}.Debug|Any CPU.ActiveCfg = Debug|Any CPU
		{96D9C1C5-6A07-DB3A-2E25-016A5D826210}.Debug|Any CPU.Build.0 = Debug|Any CPU
		{96D9C1C5-6A07-DB3A-2E25-016A5D826210}.Release|Any CPU.ActiveCfg = Release|Any CPU
		{96D9C1C5-6A07-DB3A-2E25-016A5D826210}.Release|Any CPU.Build.0 = Release|Any CPU
	EndGlobalSection
	GlobalSection(SolutionProperties) = preSolution
		HideSolutionNode = FALSE
	EndGlobalSection
	GlobalSection(ExtensibilityGlobals) = postSolution
		SolutionGuid = {0DA62163-37F4-4123-BEB8-D791A3E5FC61}
	EndGlobalSection
EndGlobal
