<Solution>
  <Folder Name="/src/">
    <Project Path="AIEduPlatform.Api/AIEduPlatform.Api.csproj" Id="3d9067d0-6696-4d87-b41e-a3a251f97af5" />
    <Project Path="AIEduPlatform.Application/AIEduPlatform.Application.csproj" />
    <Project Path="AIEduPlatform.Core/AIEduPlatform.Core.csproj" />
    <Project Path="AIEduPlatform.Infrastructure/AIEduPlatform.Infrastructure.csproj" />
    <Project Path="AIEduPlatform.ML/AIEduPlatform.ML.csproj" />
    <Project Path="AIEduPlatform.PythonML/AIEduPlatform.PythonML.csproj" />
    <Project Path="AiEduPlatform.SharedKernal/AiEduPlatform.SharedKernal.csproj" />
    <Project Path="AIEduPlatform.Tests/AIEduPlatform.Tests.csproj" />
  </Folder>
</Solution>
